
Microsoft Visual Studio Solution File, Format Version 12.00
# Visual Studio Version 17
VisualStudioVersion = 17.12.35728.132
MinimumVisualStudioVersion = 10.0.40219.1
Project("{FAE04EC0-301F-11D3-BF4B-00C04F79EFBC}") = "LibraryService.Api", "LibraryService.Api\LibraryService.Api.csproj", "{C256EBB9-D0DF-426D-A8DD-B0E97F6BDFA6}"
EndProject
Project("{FAE04EC0-301F-11D3-BF4B-00C04F79EFBC}") = "LibraryService.Integration.Test", "LibraryService.Integration.Test\LibraryService.Integration.Test.csproj", "{EBEA5836-C00D-443D-B656-6D8407348459}"
EndProject
Project("{FAE04EC0-301F-11D3-BF4B-00C04F79EFBC}") = "LibraryService.Domain", "LibraryService.Domain\LibraryService.Domain.csproj", "{73113E3C-018A-4299-986E-726227B3EBB0}"
EndProject
Project("{FAE04EC0-301F-11D3-BF4B-00C04F79EFBC}") = "LibraryService.Application", "LibraryService.Application\LibraryService.Application.csproj", "{B27957C7-6DFE-4A00-BF4E-74B4032B81AA}"
EndProject
Project("{FAE04EC0-301F-11D3-BF4B-00C04F79EFBC}") = "LibraryService.Infrastructure", "LibraryService.Infrastructure\LibraryService.Infrastructure.csproj", "{E263ACB3-2C1D-4C8B-949A-69F966389E7A}"
EndProject
Global
	GlobalSection(SolutionConfigurationPlatforms) = preSolution
		Debug|Any CPU = Debug|Any CPU
		Debug|x64 = Debug|x64
		Debug|x86 = Debug|x86
		Release|Any CPU = Release|Any CPU
		Release|x64 = Release|x64
		Release|x86 = Release|x86
	EndGlobalSection
	GlobalSection(ProjectConfigurationPlatforms) = postSolution
		{C256EBB9-D0DF-426D-A8DD-B0E97F6BDFA6}.Debug|Any CPU.ActiveCfg = Debug|Any CPU
		{C256EBB9-D0DF-426D-A8DD-B0E97F6BDFA6}.Debug|Any CPU.Build.0 = Debug|Any CPU
		{C256EBB9-D0DF-426D-A8DD-B0E97F6BDFA6}.Debug|x64.ActiveCfg = Debug|Any CPU
		{C256EBB9-D0DF-426D-A8DD-B0E97F6BDFA6}.Debug|x64.Build.0 = Debug|Any CPU
		{C256EBB9-D0DF-426D-A8DD-B0E97F6BDFA6}.Debug|x86.ActiveCfg = Debug|Any CPU
		{C256EBB9-D0DF-426D-A8DD-B0E97F6BDFA6}.Debug|x86.Build.0 = Debug|Any CPU
		{C256EBB9-D0DF-426D-A8DD-B0E97F6BDFA6}.Release|Any CPU.ActiveCfg = Release|Any CPU
		{C256EBB9-D0DF-426D-A8DD-B0E97F6BDFA6}.Release|Any CPU.Build.0 = Release|Any CPU
		{C256EBB9-D0DF-426D-A8DD-B0E97F6BDFA6}.Release|x64.ActiveCfg = Release|Any CPU
		{C256EBB9-D0DF-426D-A8DD-B0E97F6BDFA6}.Release|x64.Build.0 = Release|Any CPU
		{C256EBB9-D0DF-426D-A8DD-B0E97F6BDFA6}.Release|x86.ActiveCfg = Release|Any CPU
		{C256EBB9-D0DF-426D-A8DD-B0E97F6BDFA6}.Release|x86.Build.0 = Release|Any CPU
		{EBEA5836-C00D-443D-B656-6D8407348459}.Debug|Any CPU.ActiveCfg = Debug|Any CPU
		{EBEA5836-C00D-443D-B656-6D8407348459}.Debug|Any CPU.Build.0 = Debug|Any CPU
		{EBEA5836-C00D-443D-B656-6D8407348459}.Debug|x64.ActiveCfg = Debug|Any CPU
		{EBEA5836-C00D-443D-B656-6D8407348459}.Debug|x64.Build.0 = Debug|Any CPU
		{EBEA5836-C00D-443D-B656-6D8407348459}.Debug|x86.ActiveCfg = Debug|Any CPU
		{EBEA5836-C00D-443D-B656-6D8407348459}.Debug|x86.Build.0 = Debug|Any CPU
		{EBEA5836-C00D-443D-B656-6D8407348459}.Release|Any CPU.ActiveCfg = Release|Any CPU
		{EBEA5836-C00D-443D-B656-6D8407348459}.Release|Any CPU.Build.0 = Release|Any CPU
		{EBEA5836-C00D-443D-B656-6D8407348459}.Release|x64.ActiveCfg = Release|Any CPU
		{EBEA5836-C00D-443D-B656-6D8407348459}.Release|x64.Build.0 = Release|Any CPU
		{EBEA5836-C00D-443D-B656-6D8407348459}.Release|x86.ActiveCfg = Release|Any CPU
		{EBEA5836-C00D-443D-B656-6D8407348459}.Release|x86.Build.0 = Release|Any CPU
		{73113E3C-018A-4299-986E-726227B3EBB0}.Debug|Any CPU.ActiveCfg = Debug|Any CPU
		{73113E3C-018A-4299-986E-726227B3EBB0}.Debug|Any CPU.Build.0 = Debug|Any CPU
		{73113E3C-018A-4299-986E-726227B3EBB0}.Debug|x64.ActiveCfg = Debug|Any CPU
		{73113E3C-018A-4299-986E-726227B3EBB0}.Debug|x64.Build.0 = Debug|Any CPU
		{73113E3C-018A-4299-986E-726227B3EBB0}.Debug|x86.ActiveCfg = Debug|Any CPU
		{73113E3C-018A-4299-986E-726227B3EBB0}.Debug|x86.Build.0 = Debug|Any CPU
		{73113E3C-018A-4299-986E-726227B3EBB0}.Release|Any CPU.ActiveCfg = Release|Any CPU
		{73113E3C-018A-4299-986E-726227B3EBB0}.Release|Any CPU.Build.0 = Release|Any CPU
		{73113E3C-018A-4299-986E-726227B3EBB0}.Release|x64.ActiveCfg = Release|Any CPU
		{73113E3C-018A-4299-986E-726227B3EBB0}.Release|x64.Build.0 = Release|Any CPU
		{73113E3C-018A-4299-986E-726227B3EBB0}.Release|x86.ActiveCfg = Release|Any CPU
		{73113E3C-018A-4299-986E-726227B3EBB0}.Release|x86.Build.0 = Release|Any CPU
		{B27957C7-6DFE-4A00-BF4E-74B4032B81AA}.Debug|Any CPU.ActiveCfg = Debug|Any CPU
		{B27957C7-6DFE-4A00-BF4E-74B4032B81AA}.Debug|Any CPU.Build.0 = Debug|Any CPU
		{B27957C7-6DFE-4A00-BF4E-74B4032B81AA}.Debug|x64.ActiveCfg = Debug|Any CPU
		{B27957C7-6DFE-4A00-BF4E-74B4032B81AA}.Debug|x64.Build.0 = Debug|Any CPU
		{B27957C7-6DFE-4A00-BF4E-74B4032B81AA}.Debug|x86.ActiveCfg = Debug|Any CPU
		{B27957C7-6DFE-4A00-BF4E-74B4032B81AA}.Debug|x86.Build.0 = Debug|Any CPU
		{B27957C7-6DFE-4A00-BF4E-74B4032B81AA}.Release|Any CPU.ActiveCfg = Release|Any CPU
		{B27957C7-6DFE-4A00-BF4E-74B4032B81AA}.Release|Any CPU.Build.0 = Release|Any CPU
		{B27957C7-6DFE-4A00-BF4E-74B4032B81AA}.Release|x64.ActiveCfg = Release|Any CPU
		{B27957C7-6DFE-4A00-BF4E-74B4032B81AA}.Release|x64.Build.0 = Release|Any CPU
		{B27957C7-6DFE-4A00-BF4E-74B4032B81AA}.Release|x86.ActiveCfg = Release|Any CPU
		{B27957C7-6DFE-4A00-BF4E-74B4032B81AA}.Release|x86.Build.0 = Release|Any CPU
		{E263ACB3-2C1D-4C8B-949A-69F966389E7A}.Debug|Any CPU.ActiveCfg = Debug|Any CPU
		{E263ACB3-2C1D-4C8B-949A-69F966389E7A}.Debug|Any CPU.Build.0 = Debug|Any CPU
		{E263ACB3-2C1D-4C8B-949A-69F966389E7A}.Debug|x64.ActiveCfg = Debug|Any CPU
		{E263ACB3-2C1D-4C8B-949A-69F966389E7A}.Debug|x64.Build.0 = Debug|Any CPU
		{E263ACB3-2C1D-4C8B-949A-69F966389E7A}.Debug|x86.ActiveCfg = Debug|Any CPU
		{E263ACB3-2C1D-4C8B-949A-69F966389E7A}.Debug|x86.Build.0 = Debug|Any CPU
		{E263ACB3-2C1D-4C8B-949A-69F966389E7A}.Release|Any CPU.ActiveCfg = Release|Any CPU
		{E263ACB3-2C1D-4C8B-949A-69F966389E7A}.Release|Any CPU.Build.0 = Release|Any CPU
		{E263ACB3-2C1D-4C8B-949A-69F966389E7A}.Release|x64.ActiveCfg = Release|Any CPU
		{E263ACB3-2C1D-4C8B-949A-69F966389E7A}.Release|x64.Build.0 = Release|Any CPU
		{E263ACB3-2C1D-4C8B-949A-69F966389E7A}.Release|x86.ActiveCfg = Release|Any CPU
		{E263ACB3-2C1D-4C8B-949A-69F966389E7A}.Release|x86.Build.0 = Release|Any CPU
	EndGlobalSection
	GlobalSection(SolutionProperties) = preSolution
		HideSolutionNode = FALSE
	EndGlobalSection
EndGlobal
